
Microsoft Visual Studio Solution File, Format Version 12.00
# Visual Studio Version 17
VisualStudioVersion = 17.5.33424.131
MinimumVisualStudioVersion = 10.0.40219.1
Project("{FAE04EC0-301F-11D3-BF4B-00C04F79EFBC}") = "API", "API\API.csproj", "{40316B00-B87C-4498-B364-8C1218C01EED}"
EndProject
Project("{FAE04EC0-301F-11D3-BF4B-00C04F79EFBC}") = "Client", "Client\Client.csproj", "{CBC0EE1C-D044-48C7-A01E-19AFD05C1019}"
EndProject
Global
	GlobalSection(SolutionConfigurationPlatforms) = preSolution
		Debug|Any CPU = Debug|Any CPU
		Release|Any CPU = Release|Any CPU
	EndGlobalSection
	GlobalSection(ProjectConfigurationPlatforms) = postSolution
		{40316B00-B87C-4498-B364-8C1218C01EED}.Debug|Any CPU.ActiveCfg = Debug|Any CPU
		{40316B00-B87C-4498-B364-8C1218C01EED}.Debug|Any CPU.Build.0 = Debug|Any CPU
		{40316B00-B87C-4498-B364-8C1218C01EED}.Release|Any CPU.ActiveCfg = Release|Any CPU
		{40316B00-B87C-4498-B364-8C1218C01EED}.Release|Any CPU.Build.0 = Release|Any CPU
		{CBC0EE1C-D044-48C7-A01E-19AFD05C1019}.Debug|Any CPU.ActiveCfg = Debug|Any CPU
		{CBC0EE1C-D044-48C7-A01E-19AFD05C1019}.Debug|Any CPU.Build.0 = Debug|Any CPU
		{CBC0EE1C-D044-48C7-A01E-19AFD05C1019}.Release|Any CPU.ActiveCfg = Release|Any CPU
		{CBC0EE1C-D044-48C7-A01E-19AFD05C1019}.Release|Any CPU.Build.0 = Release|Any CPU
	EndGlobalSection
	GlobalSection(SolutionProperties) = preSolution
		HideSolutionNode = FALSE
	EndGlobalSection
	GlobalSection(ExtensibilityGlobals) = postSolution
		SolutionGuid = {B0202322-90D4-4F43-8B06-687DAA136CB8}
	EndGlobalSection
EndGlobal
